
Microsoft Visual Studio Solution File, Format Version 12.00
# Visual Studio Version 17
VisualStudioVersion = 17.12.35527.113 d17.12
MinimumVisualStudioVersion = 10.0.40219.1
Project("{FAE04EC0-301F-11D3-BF4B-00C04F79EFBC}") = "Biomes", "Biomes\Biomes.csproj", "{D62795B5-5B18-4067-B91C-67AF50596BC7}"
EndProject
Project("{FAE04EC0-301F-11D3-BF4B-00C04F79EFBC}") = "WFCLib", "WFCLib\WFCLib.csproj", "{D2D463B0-F5ED-4E23-B044-6F2281813A4B}"
EndProject
Global
	GlobalSection(SolutionConfigurationPlatforms) = preSolution
		Debug|Any CPU = Debug|Any CPU
		Release|Any CPU = Release|Any CPU
	EndGlobalSection
	GlobalSection(ProjectConfigurationPlatforms) = postSolution
		{D62795B5-5B18-4067-B91C-67AF50596BC7}.Debug|Any CPU.ActiveCfg = Debug|Any CPU
		{D62795B5-5B18-4067-B91C-67AF50596BC7}.Debug|Any CPU.Build.0 = Debug|Any CPU
		{D62795B5-5B18-4067-B91C-67AF50596BC7}.Release|Any CPU.ActiveCfg = Release|Any CPU
		{D62795B5-5B18-4067-B91C-67AF50596BC7}.Release|Any CPU.Build.0 = Release|Any CPU
		{D2D463B0-F5ED-4E23-B044-6F2281813A4B}.Debug|Any CPU.ActiveCfg = Debug|Any CPU
		{D2D463B0-F5ED-4E23-B044-6F2281813A4B}.Debug|Any CPU.Build.0 = Debug|Any CPU
		{D2D463B0-F5ED-4E23-B044-6F2281813A4B}.Release|Any CPU.ActiveCfg = Release|Any CPU
		{D2D463B0-F5ED-4E23-B044-6F2281813A4B}.Release|Any CPU.Build.0 = Release|Any CPU
	EndGlobalSection
	GlobalSection(SolutionProperties) = preSolution
		HideSolutionNode = FALSE
	EndGlobalSection
EndGlobal
